{
  "version": 4,
  "terraform_version": "1.12.2",
  "serial": 1,
  "lineage": "d9a9dbc4-4203-2cfa-9634-69ad159378ea",
  "outputs": {},
  "resources": [
    {
      "mode": "managed",
      "type": "openstack_images_image_v2",
      "name": "ubuntu",
      "provider": "provider[\"registry.terraform.io/terraform-provider-openstack/openstack\"]",
      "instances": [
        {
          "schema_version": 0,
          "attributes": {
            "checksum": "d7d88be8e998869c62a093747b3b27ae",
            "container_format": "bare",
            "created_at": "2025-10-02T15:14:30Z",
            "decompress": null,
            "disk_format": "qcow2",
            "file": "/v2/images/1d7421f1-ca4a-4c22-9067-e4a6fc3bf16d/file",
            "hidden": false,
            "id": "1d7421f1-ca4a-4c22-9067-e4a6fc3bf16d",
            "image_cache_path": "/home/younes/.terraform/image_cache",
            "image_id": "1d7421f1-ca4a-4c22-9067-e4a6fc3bf16d",
            "image_source_password": null,
            "image_source_url": "https://cloud-images.ubuntu.com/jammy/current/jammy-server-cloudimg-amd64.img",
            "image_source_username": null,
            "local_file_path": null,
            "metadata": {},
            "min_disk_gb": 0,
            "min_ram_mb": 0,
            "name": "ubuntu-22.04",
            "owner": "32a764ed74c5451986efa01a6d34bbde",
            "properties": {
              "os_hash_algo": "sha512",
              "os_hash_value": "e28a23962ed6bf59c065f085b28f2069301bc2d2a69dd9968c7fd11d130e30f069fbed4567e4a3b23e051ff0ac4f046183acbaebcaacf93394e7f883c9c7b1f3",
              "stores": "file"
            },
            "protected": false,
            "region": "",
            "schema": "/v2/schemas/image",
            "size_bytes": 683828224,
            "status": "active",
            "tags": null,
            "timeouts": null,
            "update_at": "2025-10-02T15:14:48Z",
            "updated_at": "2025-10-02T15:14:48Z",
            "verify_checksum": null,
            "visibility": "public",
            "web_download": null
          },
          "sensitive_attributes": [
            [
              {
                "type": "get_attr",
                "value": "image_source_password"
              }
            ]
          ],
          "identity_schema_version": 0,
          "private": "eyJlMmJmYjczMC1lY2FhLTExZTYtOGY4OC0zNDM2M2JjN2M0YzAiOnsiY3JlYXRlIjoxODAwMDAwMDAwMDAwfX0="
        }
      ]
    }
  ],
  "check_results": null
}
