{
  "version": 4,
  "terraform_version": "1.13.1",
  "serial": 15,
  "lineage": "3dc55a24-fed6-9c8a-80c7-83d36495c1b3",
  "outputs": {
    "node1__floating_ip": {
      "value": "10.0.2.40",
      "type": "string"
    },
    "node2__floating_ip": {
      "value": "10.0.2.173",
      "type": "string"
    },
    "node3__floating_ip": {
      "value": "10.0.2.68",
      "type": "string"
    }
  },
  "resources": [
    {
      "mode": "data",
      "type": "openstack_compute_flavor_v2",
      "name": "node1__flavor",
      "provider": "provider[\"registry.terraform.io/terraform-provider-openstack/openstack\"]",
      "instances": [
        {
          "schema_version": 0,
          "attributes": {
            "description": "",
            "disk": 40,
            "extra_specs": {},
            "flavor_id": "32d88d49-0357-4e4f-9940-9789acc9d044",
            "id": "32d88d49-0357-4e4f-9940-9789acc9d044",
            "is_public": false,
            "min_disk": null,
            "min_ram": null,
            "name": "large",
            "ram": 4096,
            "region": null,
            "rx_tx_factor": 1,
            "swap": 0,
            "vcpus": 4
          },
          "sensitive_attributes": [],
          "identity_schema_version": 0
        }
      ]
    },
    {
      "mode": "data",
      "type": "openstack_compute_flavor_v2",
      "name": "node2__flavor",
      "provider": "provider[\"registry.terraform.io/terraform-provider-openstack/openstack\"]",
      "instances": [
        {
          "schema_version": 0,
          "attributes": {
            "description": "",
            "disk": 20,
            "extra_specs": {},
            "flavor_id": "50d634a4-6b06-4124-8358-6b63c53216a5",
            "id": "50d634a4-6b06-4124-8358-6b63c53216a5",
            "is_public": false,
            "min_disk": null,
            "min_ram": null,
            "name": "medium",
            "ram": 2048,
            "region": null,
            "rx_tx_factor": 1,
            "swap": 0,
            "vcpus": 2
          },
          "sensitive_attributes": [],
          "identity_schema_version": 0
        }
      ]
    },
    {
      "mode": "data",
      "type": "openstack_compute_flavor_v2",
      "name": "node3__flavor",
      "provider": "provider[\"registry.terraform.io/terraform-provider-openstack/openstack\"]",
      "instances": [
        {
          "schema_version": 0,
          "attributes": {
            "description": "",
            "disk": 20,
            "extra_specs": {},
            "flavor_id": "50d634a4-6b06-4124-8358-6b63c53216a5",
            "id": "50d634a4-6b06-4124-8358-6b63c53216a5",
            "is_public": false,
            "min_disk": null,
            "min_ram": null,
            "name": "medium",
            "ram": 2048,
            "region": null,
            "rx_tx_factor": 1,
            "swap": 0,
            "vcpus": 2
          },
          "sensitive_attributes": [],
          "identity_schema_version": 0
        }
      ]
    },
    {
      "mode": "data",
      "type": "openstack_images_image_v2",
      "name": "node1__image",
      "provider": "provider[\"registry.terraform.io/terraform-provider-openstack/openstack\"]",
      "instances": [
        {
          "schema_version": 0,
          "attributes": {
            "checksum": "b337f4b3055ca8e58f66261f35a97314",
            "container_format": "bare",
            "created_at": "2025-05-14T11:29:10Z",
            "disk_format": "qcow2",
            "file": "/v2/images/7cbe16a7-472b-4477-afd5-bafcfbf99a6a/file",
            "hidden": false,
            "id": "7cbe16a7-472b-4477-afd5-bafcfbf99a6a",
            "member_status": null,
            "metadata": {},
            "min_disk_gb": 0,
            "min_ram_mb": 0,
            "most_recent": false,
            "name": "Ubuntu22.04",
            "name_regex": null,
            "owner": "32a764ed74c5451986efa01a6d34bbde",
            "properties": {
              "os_hash_algo": "sha512",
              "os_hash_value": "a5d96f9174dfa71167febfaa4e801dbf82c90da511981920b9d3ddb738dc012c3785bfdf0331ed526251365f8a8ecc406a2ced8680b3a2a40617fd4a8b2e80e5",
              "owner_specified.openstack.md5": "",
              "owner_specified.openstack.object": "images/Ubuntu22.04",
              "owner_specified.openstack.sha256": "",
              "stores": "file"
            },
            "protected": false,
            "region": "",
            "schema": "/v2/schemas/image",
            "size_bytes": 676495872,
            "size_max": null,
            "size_min": null,
            "sort_direction": "asc",
            "sort_key": "name",
            "tag": null,
            "tags": [],
            "updated_at": "2025-05-14T11:29:14Z",
            "visibility": "public"
          },
          "sensitive_attributes": [],
          "identity_schema_version": 0
        }
      ]
    },
    {
      "mode": "data",
      "type": "openstack_images_image_v2",
      "name": "node2__image",
      "provider": "provider[\"registry.terraform.io/terraform-provider-openstack/openstack\"]",
      "instances": [
        {
          "schema_version": 0,
          "attributes": {
            "checksum": "977e00deae1ab243ad644c8a84b8db92",
            "container_format": "bare",
            "created_at": "2025-09-11T14:33:07Z",
            "disk_format": "qcow2",
            "file": "/v2/images/ef504cf3-7878-4b9a-9e71-7b34de8b1fb9/file",
            "hidden": false,
            "id": "ef504cf3-7878-4b9a-9e71-7b34de8b1fb9",
            "member_status": null,
            "metadata": {},
            "min_disk_gb": 0,
            "min_ram_mb": 0,
            "most_recent": false,
            "name": "debian-12",
            "name_regex": null,
            "owner": "32a764ed74c5451986efa01a6d34bbde",
            "properties": {
              "os_hash_algo": "sha512",
              "os_hash_value": "736ed2e24e106defd95549b0471e15552b19580c504202269955c3587722777506269655ebd7fa5cce919044dccdd9084c4fb3efbe408843c63cefa9d79daea3",
              "stores": "file"
            },
            "protected": false,
            "region": "",
            "schema": "/v2/schemas/image",
            "size_bytes": 447479808,
            "size_max": null,
            "size_min": null,
            "sort_direction": "asc",
            "sort_key": "name",
            "tag": null,
            "tags": [],
            "updated_at": "2025-09-11T14:33:12Z",
            "visibility": "public"
          },
          "sensitive_attributes": [],
          "identity_schema_version": 0
        }
      ]
    },
    {
      "mode": "data",
      "type": "openstack_images_image_v2",
      "name": "node3__image",
      "provider": "provider[\"registry.terraform.io/terraform-provider-openstack/openstack\"]",
      "instances": [
        {
          "schema_version": 0,
          "attributes": {
            "checksum": "977e00deae1ab243ad644c8a84b8db92",
            "container_format": "bare",
            "created_at": "2025-09-11T14:33:07Z",
            "disk_format": "qcow2",
            "file": "/v2/images/ef504cf3-7878-4b9a-9e71-7b34de8b1fb9/file",
            "hidden": false,
            "id": "ef504cf3-7878-4b9a-9e71-7b34de8b1fb9",
            "member_status": null,
            "metadata": {},
            "min_disk_gb": 0,
            "min_ram_mb": 0,
            "most_recent": false,
            "name": "debian-12",
            "name_regex": null,
            "owner": "32a764ed74c5451986efa01a6d34bbde",
            "properties": {
              "os_hash_algo": "sha512",
              "os_hash_value": "736ed2e24e106defd95549b0471e15552b19580c504202269955c3587722777506269655ebd7fa5cce919044dccdd9084c4fb3efbe408843c63cefa9d79daea3",
              "stores": "file"
            },
            "protected": false,
            "region": "",
            "schema": "/v2/schemas/image",
            "size_bytes": 447479808,
            "size_max": null,
            "size_min": null,
            "sort_direction": "asc",
            "sort_key": "name",
            "tag": null,
            "tags": [],
            "updated_at": "2025-09-11T14:33:12Z",
            "visibility": "public"
          },
          "sensitive_attributes": [],
          "identity_schema_version": 0
        }
      ]
    },
    {
      "mode": "data",
      "type": "openstack_networking_network_v2",
      "name": "node1__network",
      "provider": "provider[\"registry.terraform.io/terraform-provider-openstack/openstack\"]",
      "instances": [
        {
          "schema_version": 0,
          "attributes": {
            "admin_state_up": "true",
            "all_tags": [],
            "availability_zone_hints": [],
            "description": "",
            "dns_domain": "",
            "external": false,
            "id": "0bb554c2-9a9f-4533-a765-519fe237a20f",
            "matching_subnet_cidr": null,
            "mtu": 1450,
            "name": "red_privada",
            "network_id": null,
            "region": "",
            "segments": [
              {
                "network_type": "vxlan",
                "physical_network": "",
                "segmentation_id": 826
              }
            ],
            "shared": "false",
            "status": null,
            "subnets": [
              "9a46e7ed-e614-41a1-ba87-6166eb344a05"
            ],
            "tags": null,
            "tenant_id": "32a764ed74c5451986efa01a6d34bbde",
            "transparent_vlan": false
          },
          "sensitive_attributes": [],
          "identity_schema_version": 0
        }
      ]
    },
    {
      "mode": "data",
      "type": "openstack_networking_network_v2",
      "name": "node2__network",
      "provider": "provider[\"registry.terraform.io/terraform-provider-openstack/openstack\"]",
      "instances": [
        {
          "schema_version": 0,
          "attributes": {
            "admin_state_up": "true",
            "all_tags": [],
            "availability_zone_hints": [],
            "description": "",
            "dns_domain": "",
            "external": false,
            "id": "0bb554c2-9a9f-4533-a765-519fe237a20f",
            "matching_subnet_cidr": null,
            "mtu": 1450,
            "name": "red_privada",
            "network_id": null,
            "region": "",
            "segments": [
              {
                "network_type": "vxlan",
                "physical_network": "",
                "segmentation_id": 826
              }
            ],
            "shared": "false",
            "status": null,
            "subnets": [
              "9a46e7ed-e614-41a1-ba87-6166eb344a05"
            ],
            "tags": null,
            "tenant_id": "32a764ed74c5451986efa01a6d34bbde",
            "transparent_vlan": false
          },
          "sensitive_attributes": [],
          "identity_schema_version": 0
        }
      ]
    },
    {
      "mode": "data",
      "type": "openstack_networking_network_v2",
      "name": "node3__network",
      "provider": "provider[\"registry.terraform.io/terraform-provider-openstack/openstack\"]",
      "instances": [
        {
          "schema_version": 0,
          "attributes": {
            "admin_state_up": "true",
            "all_tags": [],
            "availability_zone_hints": [],
            "description": "",
            "dns_domain": "",
            "external": false,
            "id": "0bb554c2-9a9f-4533-a765-519fe237a20f",
            "matching_subnet_cidr": null,
            "mtu": 1450,
            "name": "red_privada",
            "network_id": null,
            "region": "",
            "segments": [
              {
                "network_type": "vxlan",
                "physical_network": "",
                "segmentation_id": 826
              }
            ],
            "shared": "false",
            "status": null,
            "subnets": [
              "9a46e7ed-e614-41a1-ba87-6166eb344a05"
            ],
            "tags": null,
            "tenant_id": "32a764ed74c5451986efa01a6d34bbde",
            "transparent_vlan": false
          },
          "sensitive_attributes": [],
          "identity_schema_version": 0
        }
      ]
    },
    {
      "mode": "data",
      "type": "openstack_networking_secgroup_v2",
      "name": "node1__secgroup",
      "provider": "provider[\"registry.terraform.io/terraform-provider-openstack/openstack\"]",
      "instances": [
        {
          "schema_version": 0,
          "attributes": {
            "all_tags": [],
            "description": "Acceso básico SSH + ICMP",
            "id": "3ab85c46-373b-4163-a5d7-915aa846adf9",
            "name": "sg_wazuh_suricata",
            "region": "",
            "secgroup_id": null,
            "tags": null,
            "tenant_id": "32a764ed74c5451986efa01a6d34bbde"
          },
          "sensitive_attributes": [],
          "identity_schema_version": 0
        }
      ]
    },
    {
      "mode": "data",
      "type": "openstack_networking_secgroup_v2",
      "name": "node2__secgroup",
      "provider": "provider[\"registry.terraform.io/terraform-provider-openstack/openstack\"]",
      "instances": [
        {
          "schema_version": 0,
          "attributes": {
            "all_tags": [],
            "description": "Acceso básico SSH + ICMP",
            "id": "3ab85c46-373b-4163-a5d7-915aa846adf9",
            "name": "sg_wazuh_suricata",
            "region": "",
            "secgroup_id": null,
            "tags": null,
            "tenant_id": "32a764ed74c5451986efa01a6d34bbde"
          },
          "sensitive_attributes": [],
          "identity_schema_version": 0
        }
      ]
    },
    {
      "mode": "data",
      "type": "openstack_networking_secgroup_v2",
      "name": "node3__secgroup",
      "provider": "provider[\"registry.terraform.io/terraform-provider-openstack/openstack\"]",
      "instances": [
        {
          "schema_version": 0,
          "attributes": {
            "all_tags": [],
            "description": "Acceso básico SSH + ICMP",
            "id": "3ab85c46-373b-4163-a5d7-915aa846adf9",
            "name": "sg_wazuh_suricata",
            "region": "",
            "secgroup_id": null,
            "tags": null,
            "tenant_id": "32a764ed74c5451986efa01a6d34bbde"
          },
          "sensitive_attributes": [],
          "identity_schema_version": 0
        }
      ]
    },
    {
      "mode": "data",
      "type": "openstack_networking_subnet_v2",
      "name": "node1__subnet",
      "provider": "provider[\"registry.terraform.io/terraform-provider-openstack/openstack\"]",
      "instances": [
        {
          "schema_version": 0,
          "attributes": {
            "all_tags": [],
            "allocation_pools": [
              {
                "end": "192.168.100.254",
                "start": "192.168.100.2"
              }
            ],
            "cidr": "192.168.100.0/24",
            "description": "",
            "dhcp_disabled": null,
            "dhcp_enabled": null,
            "dns_nameservers": [
              "8.8.8.8"
            ],
            "enable_dhcp": true,
            "gateway_ip": "192.168.100.1",
            "host_routes": [],
            "id": "9a46e7ed-e614-41a1-ba87-6166eb344a05",
            "ip_version": 4,
            "ipv6_address_mode": "",
            "ipv6_ra_mode": "",
            "name": "red_privada_subnet",
            "network_id": "0bb554c2-9a9f-4533-a765-519fe237a20f",
            "region": "",
            "service_types": [],
            "subnet_id": null,
            "subnetpool_id": "",
            "tags": null,
            "tenant_id": "32a764ed74c5451986efa01a6d34bbde"
          },
          "sensitive_attributes": [],
          "identity_schema_version": 0
        }
      ]
    },
    {
      "mode": "data",
      "type": "openstack_networking_subnet_v2",
      "name": "node2__subnet",
      "provider": "provider[\"registry.terraform.io/terraform-provider-openstack/openstack\"]",
      "instances": [
        {
          "schema_version": 0,
          "attributes": {
            "all_tags": [],
            "allocation_pools": [
              {
                "end": "192.168.100.254",
                "start": "192.168.100.2"
              }
            ],
            "cidr": "192.168.100.0/24",
            "description": "",
            "dhcp_disabled": null,
            "dhcp_enabled": null,
            "dns_nameservers": [
              "8.8.8.8"
            ],
            "enable_dhcp": true,
            "gateway_ip": "192.168.100.1",
            "host_routes": [],
            "id": "9a46e7ed-e614-41a1-ba87-6166eb344a05",
            "ip_version": 4,
            "ipv6_address_mode": "",
            "ipv6_ra_mode": "",
            "name": "red_privada_subnet",
            "network_id": "0bb554c2-9a9f-4533-a765-519fe237a20f",
            "region": "",
            "service_types": [],
            "subnet_id": null,
            "subnetpool_id": "",
            "tags": null,
            "tenant_id": "32a764ed74c5451986efa01a6d34bbde"
          },
          "sensitive_attributes": [],
          "identity_schema_version": 0
        }
      ]
    },
    {
      "mode": "data",
      "type": "openstack_networking_subnet_v2",
      "name": "node3__subnet",
      "provider": "provider[\"registry.terraform.io/terraform-provider-openstack/openstack\"]",
      "instances": [
        {
          "schema_version": 0,
          "attributes": {
            "all_tags": [],
            "allocation_pools": [
              {
                "end": "192.168.100.254",
                "start": "192.168.100.2"
              }
            ],
            "cidr": "192.168.100.0/24",
            "description": "",
            "dhcp_disabled": null,
            "dhcp_enabled": null,
            "dns_nameservers": [
              "8.8.8.8"
            ],
            "enable_dhcp": true,
            "gateway_ip": "192.168.100.1",
            "host_routes": [],
            "id": "9a46e7ed-e614-41a1-ba87-6166eb344a05",
            "ip_version": 4,
            "ipv6_address_mode": "",
            "ipv6_ra_mode": "",
            "name": "red_privada_subnet",
            "network_id": "0bb554c2-9a9f-4533-a765-519fe237a20f",
            "region": "",
            "service_types": [],
            "subnet_id": null,
            "subnetpool_id": "",
            "tags": null,
            "tenant_id": "32a764ed74c5451986efa01a6d34bbde"
          },
          "sensitive_attributes": [],
          "identity_schema_version": 0
        }
      ]
    },
    {
      "mode": "managed",
      "type": "openstack_compute_instance_v2",
      "name": "node1__instance",
      "provider": "provider[\"registry.terraform.io/terraform-provider-openstack/openstack\"]",
      "instances": [
        {
          "schema_version": 0,
          "attributes": {
            "access_ip_v4": "192.168.100.109",
            "access_ip_v6": "",
            "admin_pass": null,
            "all_metadata": {},
            "all_tags": [],
            "availability_zone": "nova",
            "availability_zone_hints": null,
            "block_device": [],
            "config_drive": null,
            "created": "2025-10-15 12:11:27 +0000 UTC",
            "flavor_id": "32d88d49-0357-4e4f-9940-9789acc9d044",
            "flavor_name": "large",
            "floating_ip": null,
            "force_delete": false,
            "id": "9bf3f468-3d50-4d92-a206-0b4b1cf55e04",
            "image_id": "7cbe16a7-472b-4477-afd5-bafcfbf99a6a",
            "image_name": "Ubuntu22.04",
            "key_pair": "nueva_clave_wazuh_node1_",
            "metadata": null,
            "name": "monitor 1",
            "network": [
              {
                "access_network": false,
                "fixed_ip_v4": "192.168.100.109",
                "fixed_ip_v6": "",
                "floating_ip": "",
                "mac": "fa:16:3e:73:8c:df",
                "name": "red_privada",
                "port": "84037b31-d62b-4321-8b31-f2f37e184cf5",
                "uuid": "0bb554c2-9a9f-4533-a765-519fe237a20f"
              }
            ],
            "network_mode": null,
            "personality": [],
            "power_state": "active",
            "region": "",
            "scheduler_hints": [],
            "security_groups": [
              "sg_wazuh_suricata"
            ],
            "stop_before_destroy": false,
            "tags": null,
            "timeouts": null,
            "updated": "2025-10-15 12:11:44 +0000 UTC",
            "user_data": "04517731785ee2caf6e3895e58fae9d18fc16cda",
            "vendor_options": [],
            "volume": []
          },
          "sensitive_attributes": [
            [
              {
                "type": "get_attr",
                "value": "admin_pass"
              }
            ]
          ],
          "identity_schema_version": 0,
          "private": "eyJlMmJmYjczMC1lY2FhLTExZTYtOGY4OC0zNDM2M2JjN2M0YzAiOnsiY3JlYXRlIjoxODAwMDAwMDAwMDAwLCJkZWxldGUiOjE4MDAwMDAwMDAwMDAsInVwZGF0ZSI6MTgwMDAwMDAwMDAwMH19",
          "dependencies": [
            "data.openstack_compute_flavor_v2.node1__flavor",
            "data.openstack_images_image_v2.node1__image",
            "data.openstack_networking_network_v2.node1__network",
            "data.openstack_networking_secgroup_v2.node1__secgroup",
            "data.openstack_networking_subnet_v2.node1__subnet",
            "openstack_compute_keypair_v2.node1__keypair",
            "openstack_networking_floatingip_v2.node1__fip",
            "openstack_networking_port_v2.node1__port"
          ]
        }
      ]
    },
    {
      "mode": "managed",
      "type": "openstack_compute_instance_v2",
      "name": "node2__instance",
      "provider": "provider[\"registry.terraform.io/terraform-provider-openstack/openstack\"]",
      "instances": [
        {
          "schema_version": 0,
          "attributes": {
            "access_ip_v4": "192.168.100.235",
            "access_ip_v6": "",
            "admin_pass": null,
            "all_metadata": {},
            "all_tags": [],
            "availability_zone": "nova",
            "availability_zone_hints": null,
            "block_device": [],
            "config_drive": null,
            "created": "2025-10-15 12:11:21 +0000 UTC",
            "flavor_id": "50d634a4-6b06-4124-8358-6b63c53216a5",
            "flavor_name": "medium",
            "floating_ip": null,
            "force_delete": false,
            "id": "b3b2d8a1-243f-4228-a3b3-bf3736467c8a",
            "image_id": "ef504cf3-7878-4b9a-9e71-7b34de8b1fb9",
            "image_name": "debian-12",
            "key_pair": "nueva_clave_wazuh_node2_",
            "metadata": null,
            "name": "attack 2",
            "network": [
              {
                "access_network": false,
                "fixed_ip_v4": "192.168.100.235",
                "fixed_ip_v6": "",
                "floating_ip": "",
                "mac": "fa:16:3e:e2:91:dc",
                "name": "red_privada",
                "port": "208125d8-fff4-46e9-8cc7-1e28ff43f7de",
                "uuid": "0bb554c2-9a9f-4533-a765-519fe237a20f"
              }
            ],
            "network_mode": null,
            "personality": [],
            "power_state": "active",
            "region": "",
            "scheduler_hints": [],
            "security_groups": [
              "sg_wazuh_suricata"
            ],
            "stop_before_destroy": false,
            "tags": null,
            "timeouts": null,
            "updated": "2025-10-15 12:11:36 +0000 UTC",
            "user_data": "d957ca0afd4e07ac99fc58b87fc49732c10b42cc",
            "vendor_options": [],
            "volume": []
          },
          "sensitive_attributes": [
            [
              {
                "type": "get_attr",
                "value": "admin_pass"
              }
            ]
          ],
          "identity_schema_version": 0,
          "private": "eyJlMmJmYjczMC1lY2FhLTExZTYtOGY4OC0zNDM2M2JjN2M0YzAiOnsiY3JlYXRlIjoxODAwMDAwMDAwMDAwLCJkZWxldGUiOjE4MDAwMDAwMDAwMDAsInVwZGF0ZSI6MTgwMDAwMDAwMDAwMH19",
          "dependencies": [
            "data.openstack_compute_flavor_v2.node2__flavor",
            "data.openstack_images_image_v2.node2__image",
            "data.openstack_networking_network_v2.node2__network",
            "data.openstack_networking_secgroup_v2.node2__secgroup",
            "data.openstack_networking_subnet_v2.node2__subnet",
            "openstack_compute_keypair_v2.node2__keypair",
            "openstack_networking_floatingip_v2.node2__fip",
            "openstack_networking_port_v2.node2__port"
          ]
        }
      ]
    },
    {
      "mode": "managed",
      "type": "openstack_compute_instance_v2",
      "name": "node3__instance",
      "provider": "provider[\"registry.terraform.io/terraform-provider-openstack/openstack\"]",
      "instances": [
        {
          "schema_version": 0,
          "attributes": {
            "access_ip_v4": "192.168.100.62",
            "access_ip_v6": "",
            "admin_pass": null,
            "all_metadata": {},
            "all_tags": [],
            "availability_zone": "nova",
            "availability_zone_hints": null,
            "block_device": [],
            "config_drive": null,
            "created": "2025-10-15 12:11:26 +0000 UTC",
            "flavor_id": "50d634a4-6b06-4124-8358-6b63c53216a5",
            "flavor_name": "medium",
            "floating_ip": null,
            "force_delete": false,
            "id": "f980e8b8-f336-4d1f-9290-3fdcb28e9a35",
            "image_id": "ef504cf3-7878-4b9a-9e71-7b34de8b1fb9",
            "image_name": "debian-12",
            "key_pair": "nueva_clave_wazuh_node3_",
            "metadata": null,
            "name": "victim 3",
            "network": [
              {
                "access_network": false,
                "fixed_ip_v4": "192.168.100.62",
                "fixed_ip_v6": "",
                "floating_ip": "",
                "mac": "fa:16:3e:36:ad:4b",
                "name": "red_privada",
                "port": "724d8faa-efd1-4345-a66a-aedc910172f1",
                "uuid": "0bb554c2-9a9f-4533-a765-519fe237a20f"
              }
            ],
            "network_mode": null,
            "personality": [],
            "power_state": "active",
            "region": "",
            "scheduler_hints": [],
            "security_groups": [
              "sg_wazuh_suricata"
            ],
            "stop_before_destroy": false,
            "tags": null,
            "timeouts": null,
            "updated": "2025-10-15 12:11:41 +0000 UTC",
            "user_data": "d957ca0afd4e07ac99fc58b87fc49732c10b42cc",
            "vendor_options": [],
            "volume": []
          },
          "sensitive_attributes": [
            [
              {
                "type": "get_attr",
                "value": "admin_pass"
              }
            ]
          ],
          "identity_schema_version": 0,
          "private": "eyJlMmJmYjczMC1lY2FhLTExZTYtOGY4OC0zNDM2M2JjN2M0YzAiOnsiY3JlYXRlIjoxODAwMDAwMDAwMDAwLCJkZWxldGUiOjE4MDAwMDAwMDAwMDAsInVwZGF0ZSI6MTgwMDAwMDAwMDAwMH19",
          "dependencies": [
            "data.openstack_compute_flavor_v2.node3__flavor",
            "data.openstack_images_image_v2.node3__image",
            "data.openstack_networking_network_v2.node3__network",
            "data.openstack_networking_secgroup_v2.node3__secgroup",
            "data.openstack_networking_subnet_v2.node3__subnet",
            "openstack_compute_keypair_v2.node3__keypair",
            "openstack_networking_floatingip_v2.node3__fip",
            "openstack_networking_port_v2.node3__port"
          ]
        }
      ]
    },
    {
      "mode": "managed",
      "type": "openstack_compute_keypair_v2",
      "name": "node1__keypair",
      "provider": "provider[\"registry.terraform.io/terraform-provider-openstack/openstack\"]",
      "instances": [
        {
          "schema_version": 0,
          "attributes": {
            "fingerprint": "80:f4:35:0d:1f:af:29:7c:6e:2a:ae:7b:fc:9e:fe:24",
            "id": "nueva_clave_wazuh_node1_",
            "name": "nueva_clave_wazuh_node1_",
            "private_key": "",
            "public_key": "ssh-rsa AAAAB3NzaC1yc2EAAAADAQABAAACAQDfUdP24lFhYH/vu+pByWI9OSrkMpsIOq+yIcRG/EmSiu4x2w2GF/zs9o+7SJJf5DmQQfPsYNPNwBf6EAfIWT7u1eyKzaO7CFAhjMWF0AHxnFQY5Vzj3frtTB/yFeOYb0u1mM34WLbQmKQczcMr7eeyzzq4XeTGQTdNKM+rJRWpmmlEqVzKdwVCAAI9OnslWRxk0Co5vSUxpk49upAVBjetlxXy3OGGf6qCWelvQfXragnP+C2Y877cph3WbHzZ+tOaFaF5Llz/mT0PoFswCuhiRa+FwyokUc9qvI6ekXa5zBKIuNBs3V66guKhF0NHXC4AxpF5ZnWyUWGD5Eycj8vpROtjr4o/dLdFXj3CplZOK+eaew5Hrf38e+qPMBmzVzxDnGq096k6N1Q4cuYXnORNR2tXB8TuydqISaFzxK8NRwXuMRRsLbx5jwySi7IRLjXjq54jhaIWJQKytDOVhefbaXxEl7RpStL+E22Lk/T+jT9NwQHvw3UYJI6rDkP1am8WE7pZsH0vNdoI0CtNv1GWkoj3d9e8hoW4gj8b01un/SeAW8Dgdh69Qfp9U97HC0eHM1T+pDT0ThaOoci+yJCGJsObSwYvV23MoPfwi6OSTBFbdWhm3ks282oF9yiAODhVSgaALSrhwtOtxIj8XcyxPLDsBzGzhISqJblXCsylqQ== younes@nics-lab-VMware20-1\n",
            "region": "",
            "user_id": "",
            "value_specs": null
          },
          "sensitive_attributes": [
            [
              {
                "type": "get_attr",
                "value": "private_key"
              }
            ]
          ],
          "identity_schema_version": 0,
          "private": "bnVsbA=="
        }
      ]
    },
    {
      "mode": "managed",
      "type": "openstack_compute_keypair_v2",
      "name": "node2__keypair",
      "provider": "provider[\"registry.terraform.io/terraform-provider-openstack/openstack\"]",
      "instances": [
        {
          "schema_version": 0,
          "attributes": {
            "fingerprint": "80:f4:35:0d:1f:af:29:7c:6e:2a:ae:7b:fc:9e:fe:24",
            "id": "nueva_clave_wazuh_node2_",
            "name": "nueva_clave_wazuh_node2_",
            "private_key": "",
            "public_key": "ssh-rsa AAAAB3NzaC1yc2EAAAADAQABAAACAQDfUdP24lFhYH/vu+pByWI9OSrkMpsIOq+yIcRG/EmSiu4x2w2GF/zs9o+7SJJf5DmQQfPsYNPNwBf6EAfIWT7u1eyKzaO7CFAhjMWF0AHxnFQY5Vzj3frtTB/yFeOYb0u1mM34WLbQmKQczcMr7eeyzzq4XeTGQTdNKM+rJRWpmmlEqVzKdwVCAAI9OnslWRxk0Co5vSUxpk49upAVBjetlxXy3OGGf6qCWelvQfXragnP+C2Y877cph3WbHzZ+tOaFaF5Llz/mT0PoFswCuhiRa+FwyokUc9qvI6ekXa5zBKIuNBs3V66guKhF0NHXC4AxpF5ZnWyUWGD5Eycj8vpROtjr4o/dLdFXj3CplZOK+eaew5Hrf38e+qPMBmzVzxDnGq096k6N1Q4cuYXnORNR2tXB8TuydqISaFzxK8NRwXuMRRsLbx5jwySi7IRLjXjq54jhaIWJQKytDOVhefbaXxEl7RpStL+E22Lk/T+jT9NwQHvw3UYJI6rDkP1am8WE7pZsH0vNdoI0CtNv1GWkoj3d9e8hoW4gj8b01un/SeAW8Dgdh69Qfp9U97HC0eHM1T+pDT0ThaOoci+yJCGJsObSwYvV23MoPfwi6OSTBFbdWhm3ks282oF9yiAODhVSgaALSrhwtOtxIj8XcyxPLDsBzGzhISqJblXCsylqQ== younes@nics-lab-VMware20-1\n",
            "region": "",
            "user_id": "",
            "value_specs": null
          },
          "sensitive_attributes": [
            [
              {
                "type": "get_attr",
                "value": "private_key"
              }
            ]
          ],
          "identity_schema_version": 0,
          "private": "bnVsbA=="
        }
      ]
    },
    {
      "mode": "managed",
      "type": "openstack_compute_keypair_v2",
      "name": "node3__keypair",
      "provider": "provider[\"registry.terraform.io/terraform-provider-openstack/openstack\"]",
      "instances": [
        {
          "schema_version": 0,
          "attributes": {
            "fingerprint": "80:f4:35:0d:1f:af:29:7c:6e:2a:ae:7b:fc:9e:fe:24",
            "id": "nueva_clave_wazuh_node3_",
            "name": "nueva_clave_wazuh_node3_",
            "private_key": "",
            "public_key": "ssh-rsa AAAAB3NzaC1yc2EAAAADAQABAAACAQDfUdP24lFhYH/vu+pByWI9OSrkMpsIOq+yIcRG/EmSiu4x2w2GF/zs9o+7SJJf5DmQQfPsYNPNwBf6EAfIWT7u1eyKzaO7CFAhjMWF0AHxnFQY5Vzj3frtTB/yFeOYb0u1mM34WLbQmKQczcMr7eeyzzq4XeTGQTdNKM+rJRWpmmlEqVzKdwVCAAI9OnslWRxk0Co5vSUxpk49upAVBjetlxXy3OGGf6qCWelvQfXragnP+C2Y877cph3WbHzZ+tOaFaF5Llz/mT0PoFswCuhiRa+FwyokUc9qvI6ekXa5zBKIuNBs3V66guKhF0NHXC4AxpF5ZnWyUWGD5Eycj8vpROtjr4o/dLdFXj3CplZOK+eaew5Hrf38e+qPMBmzVzxDnGq096k6N1Q4cuYXnORNR2tXB8TuydqISaFzxK8NRwXuMRRsLbx5jwySi7IRLjXjq54jhaIWJQKytDOVhefbaXxEl7RpStL+E22Lk/T+jT9NwQHvw3UYJI6rDkP1am8WE7pZsH0vNdoI0CtNv1GWkoj3d9e8hoW4gj8b01un/SeAW8Dgdh69Qfp9U97HC0eHM1T+pDT0ThaOoci+yJCGJsObSwYvV23MoPfwi6OSTBFbdWhm3ks282oF9yiAODhVSgaALSrhwtOtxIj8XcyxPLDsBzGzhISqJblXCsylqQ== younes@nics-lab-VMware20-1\n",
            "region": "",
            "user_id": "",
            "value_specs": null
          },
          "sensitive_attributes": [
            [
              {
                "type": "get_attr",
                "value": "private_key"
              }
            ]
          ],
          "identity_schema_version": 0,
          "private": "bnVsbA=="
        }
      ]
    },
    {
      "mode": "managed",
      "type": "openstack_networking_floatingip_associate_v2",
      "name": "node1__fip_associate",
      "provider": "provider[\"registry.terraform.io/terraform-provider-openstack/openstack\"]",
      "instances": [
        {
          "schema_version": 0,
          "attributes": {
            "fixed_ip": "192.168.100.109",
            "floating_ip": "10.0.2.40",
            "id": "0a0dc187-a0c9-4eb2-b26e-bf18f2a0de40",
            "port_id": "84037b31-d62b-4321-8b31-f2f37e184cf5",
            "region": ""
          },
          "sensitive_attributes": [],
          "identity_schema_version": 0,
          "private": "bnVsbA==",
          "dependencies": [
            "data.openstack_networking_network_v2.node1__network",
            "data.openstack_networking_secgroup_v2.node1__secgroup",
            "data.openstack_networking_subnet_v2.node1__subnet",
            "openstack_networking_floatingip_v2.node1__fip",
            "openstack_networking_port_v2.node1__port"
          ]
        }
      ]
    },
    {
      "mode": "managed",
      "type": "openstack_networking_floatingip_associate_v2",
      "name": "node2__fip_associate",
      "provider": "provider[\"registry.terraform.io/terraform-provider-openstack/openstack\"]",
      "instances": [
        {
          "schema_version": 0,
          "attributes": {
            "fixed_ip": "192.168.100.235",
            "floating_ip": "10.0.2.173",
            "id": "d641df84-99a5-4df8-8a36-4fb8a31825ad",
            "port_id": "208125d8-fff4-46e9-8cc7-1e28ff43f7de",
            "region": ""
          },
          "sensitive_attributes": [],
          "identity_schema_version": 0,
          "private": "bnVsbA==",
          "dependencies": [
            "data.openstack_networking_network_v2.node2__network",
            "data.openstack_networking_secgroup_v2.node2__secgroup",
            "data.openstack_networking_subnet_v2.node2__subnet",
            "openstack_networking_floatingip_v2.node2__fip",
            "openstack_networking_port_v2.node2__port"
          ]
        }
      ]
    },
    {
      "mode": "managed",
      "type": "openstack_networking_floatingip_associate_v2",
      "name": "node3__fip_associate",
      "provider": "provider[\"registry.terraform.io/terraform-provider-openstack/openstack\"]",
      "instances": [
        {
          "schema_version": 0,
          "attributes": {
            "fixed_ip": "192.168.100.62",
            "floating_ip": "10.0.2.68",
            "id": "3daa2d49-d84e-4f5d-b78f-60a62145c239",
            "port_id": "724d8faa-efd1-4345-a66a-aedc910172f1",
            "region": ""
          },
          "sensitive_attributes": [],
          "identity_schema_version": 0,
          "private": "bnVsbA==",
          "dependencies": [
            "data.openstack_networking_network_v2.node3__network",
            "data.openstack_networking_secgroup_v2.node3__secgroup",
            "data.openstack_networking_subnet_v2.node3__subnet",
            "openstack_networking_floatingip_v2.node3__fip",
            "openstack_networking_port_v2.node3__port"
          ]
        }
      ]
    },
    {
      "mode": "managed",
      "type": "openstack_networking_floatingip_v2",
      "name": "node1__fip",
      "provider": "provider[\"registry.terraform.io/terraform-provider-openstack/openstack\"]",
      "instances": [
        {
          "schema_version": 0,
          "attributes": {
            "address": "10.0.2.40",
            "all_tags": [],
            "description": "",
            "dns_domain": "",
            "dns_name": "",
            "fixed_ip": "",
            "id": "0a0dc187-a0c9-4eb2-b26e-bf18f2a0de40",
            "pool": "red_externa",
            "port_id": "",
            "region": "",
            "subnet_id": null,
            "subnet_ids": null,
            "tags": null,
            "tenant_id": "32a764ed74c5451986efa01a6d34bbde",
            "timeouts": null,
            "value_specs": null
          },
          "sensitive_attributes": [],
          "identity_schema_version": 0,
          "private": "eyJlMmJmYjczMC1lY2FhLTExZTYtOGY4OC0zNDM2M2JjN2M0YzAiOnsiY3JlYXRlIjo2MDAwMDAwMDAwMDAsImRlbGV0ZSI6NjAwMDAwMDAwMDAwfX0="
        }
      ]
    },
    {
      "mode": "managed",
      "type": "openstack_networking_floatingip_v2",
      "name": "node2__fip",
      "provider": "provider[\"registry.terraform.io/terraform-provider-openstack/openstack\"]",
      "instances": [
        {
          "schema_version": 0,
          "attributes": {
            "address": "10.0.2.173",
            "all_tags": [],
            "description": "",
            "dns_domain": "",
            "dns_name": "",
            "fixed_ip": "",
            "id": "d641df84-99a5-4df8-8a36-4fb8a31825ad",
            "pool": "red_externa",
            "port_id": "",
            "region": "",
            "subnet_id": null,
            "subnet_ids": null,
            "tags": null,
            "tenant_id": "32a764ed74c5451986efa01a6d34bbde",
            "timeouts": null,
            "value_specs": null
          },
          "sensitive_attributes": [],
          "identity_schema_version": 0,
          "private": "eyJlMmJmYjczMC1lY2FhLTExZTYtOGY4OC0zNDM2M2JjN2M0YzAiOnsiY3JlYXRlIjo2MDAwMDAwMDAwMDAsImRlbGV0ZSI6NjAwMDAwMDAwMDAwfX0="
        }
      ]
    },
    {
      "mode": "managed",
      "type": "openstack_networking_floatingip_v2",
      "name": "node3__fip",
      "provider": "provider[\"registry.terraform.io/terraform-provider-openstack/openstack\"]",
      "instances": [
        {
          "schema_version": 0,
          "attributes": {
            "address": "10.0.2.68",
            "all_tags": [],
            "description": "",
            "dns_domain": "",
            "dns_name": "",
            "fixed_ip": "",
            "id": "3daa2d49-d84e-4f5d-b78f-60a62145c239",
            "pool": "red_externa",
            "port_id": "",
            "region": "",
            "subnet_id": null,
            "subnet_ids": null,
            "tags": null,
            "tenant_id": "32a764ed74c5451986efa01a6d34bbde",
            "timeouts": null,
            "value_specs": null
          },
          "sensitive_attributes": [],
          "identity_schema_version": 0,
          "private": "eyJlMmJmYjczMC1lY2FhLTExZTYtOGY4OC0zNDM2M2JjN2M0YzAiOnsiY3JlYXRlIjo2MDAwMDAwMDAwMDAsImRlbGV0ZSI6NjAwMDAwMDAwMDAwfX0="
        }
      ]
    },
    {
      "mode": "managed",
      "type": "openstack_networking_port_v2",
      "name": "node1__port",
      "provider": "provider[\"registry.terraform.io/terraform-provider-openstack/openstack\"]",
      "instances": [
        {
          "schema_version": 0,
          "attributes": {
            "admin_state_up": true,
            "all_fixed_ips": [
              "192.168.100.109"
            ],
            "all_security_group_ids": [
              "3ab85c46-373b-4163-a5d7-915aa846adf9"
            ],
            "all_tags": [],
            "allowed_address_pairs": [],
            "binding": [
              {
                "host_id": "",
                "profile": "{}",
                "vif_details": {},
                "vif_type": "unbound",
                "vnic_type": "normal"
              }
            ],
            "description": "",
            "device_id": "",
            "device_owner": "",
            "dns_assignment": [],
            "dns_name": "",
            "extra_dhcp_option": [],
            "fixed_ip": [
              {
                "ip_address": "",
                "subnet_id": "9a46e7ed-e614-41a1-ba87-6166eb344a05"
              }
            ],
            "id": "84037b31-d62b-4321-8b31-f2f37e184cf5",
            "mac_address": "fa:16:3e:73:8c:df",
            "name": "node1_-port",
            "network_id": "0bb554c2-9a9f-4533-a765-519fe237a20f",
            "no_fixed_ip": null,
            "no_security_groups": null,
            "port_security_enabled": true,
            "qos_policy_id": "",
            "region": "",
            "security_group_ids": [
              "3ab85c46-373b-4163-a5d7-915aa846adf9"
            ],
            "tags": null,
            "tenant_id": "32a764ed74c5451986efa01a6d34bbde",
            "timeouts": null,
            "value_specs": null
          },
          "sensitive_attributes": [],
          "identity_schema_version": 0,
          "private": "eyJlMmJmYjczMC1lY2FhLTExZTYtOGY4OC0zNDM2M2JjN2M0YzAiOnsiY3JlYXRlIjo2MDAwMDAwMDAwMDAsImRlbGV0ZSI6NjAwMDAwMDAwMDAwfX0=",
          "dependencies": [
            "data.openstack_networking_network_v2.node1__network",
            "data.openstack_networking_secgroup_v2.node1__secgroup",
            "data.openstack_networking_subnet_v2.node1__subnet"
          ]
        }
      ]
    },
    {
      "mode": "managed",
      "type": "openstack_networking_port_v2",
      "name": "node2__port",
      "provider": "provider[\"registry.terraform.io/terraform-provider-openstack/openstack\"]",
      "instances": [
        {
          "schema_version": 0,
          "attributes": {
            "admin_state_up": true,
            "all_fixed_ips": [
              "192.168.100.235"
            ],
            "all_security_group_ids": [
              "3ab85c46-373b-4163-a5d7-915aa846adf9"
            ],
            "all_tags": [],
            "allowed_address_pairs": [],
            "binding": [
              {
                "host_id": "",
                "profile": "{}",
                "vif_details": {},
                "vif_type": "unbound",
                "vnic_type": "normal"
              }
            ],
            "description": "",
            "device_id": "",
            "device_owner": "",
            "dns_assignment": [],
            "dns_name": "",
            "extra_dhcp_option": [],
            "fixed_ip": [
              {
                "ip_address": "",
                "subnet_id": "9a46e7ed-e614-41a1-ba87-6166eb344a05"
              }
            ],
            "id": "208125d8-fff4-46e9-8cc7-1e28ff43f7de",
            "mac_address": "fa:16:3e:e2:91:dc",
            "name": "node2_-port",
            "network_id": "0bb554c2-9a9f-4533-a765-519fe237a20f",
            "no_fixed_ip": null,
            "no_security_groups": null,
            "port_security_enabled": true,
            "qos_policy_id": "",
            "region": "",
            "security_group_ids": [
              "3ab85c46-373b-4163-a5d7-915aa846adf9"
            ],
            "tags": null,
            "tenant_id": "32a764ed74c5451986efa01a6d34bbde",
            "timeouts": null,
            "value_specs": null
          },
          "sensitive_attributes": [],
          "identity_schema_version": 0,
          "private": "eyJlMmJmYjczMC1lY2FhLTExZTYtOGY4OC0zNDM2M2JjN2M0YzAiOnsiY3JlYXRlIjo2MDAwMDAwMDAwMDAsImRlbGV0ZSI6NjAwMDAwMDAwMDAwfX0=",
          "dependencies": [
            "data.openstack_networking_network_v2.node2__network",
            "data.openstack_networking_secgroup_v2.node2__secgroup",
            "data.openstack_networking_subnet_v2.node2__subnet"
          ]
        }
      ]
    },
    {
      "mode": "managed",
      "type": "openstack_networking_port_v2",
      "name": "node3__port",
      "provider": "provider[\"registry.terraform.io/terraform-provider-openstack/openstack\"]",
      "instances": [
        {
          "schema_version": 0,
          "attributes": {
            "admin_state_up": true,
            "all_fixed_ips": [
              "192.168.100.62"
            ],
            "all_security_group_ids": [
              "3ab85c46-373b-4163-a5d7-915aa846adf9"
            ],
            "all_tags": [],
            "allowed_address_pairs": [],
            "binding": [
              {
                "host_id": "",
                "profile": "{}",
                "vif_details": {},
                "vif_type": "unbound",
                "vnic_type": "normal"
              }
            ],
            "description": "",
            "device_id": "",
            "device_owner": "",
            "dns_assignment": [],
            "dns_name": "",
            "extra_dhcp_option": [],
            "fixed_ip": [
              {
                "ip_address": "",
                "subnet_id": "9a46e7ed-e614-41a1-ba87-6166eb344a05"
              }
            ],
            "id": "724d8faa-efd1-4345-a66a-aedc910172f1",
            "mac_address": "fa:16:3e:36:ad:4b",
            "name": "node3_-port",
            "network_id": "0bb554c2-9a9f-4533-a765-519fe237a20f",
            "no_fixed_ip": null,
            "no_security_groups": null,
            "port_security_enabled": true,
            "qos_policy_id": "",
            "region": "",
            "security_group_ids": [
              "3ab85c46-373b-4163-a5d7-915aa846adf9"
            ],
            "tags": null,
            "tenant_id": "32a764ed74c5451986efa01a6d34bbde",
            "timeouts": null,
            "value_specs": null
          },
          "sensitive_attributes": [],
          "identity_schema_version": 0,
          "private": "eyJlMmJmYjczMC1lY2FhLTExZTYtOGY4OC0zNDM2M2JjN2M0YzAiOnsiY3JlYXRlIjo2MDAwMDAwMDAwMDAsImRlbGV0ZSI6NjAwMDAwMDAwMDAwfX0=",
          "dependencies": [
            "data.openstack_networking_network_v2.node3__network",
            "data.openstack_networking_secgroup_v2.node3__secgroup",
            "data.openstack_networking_subnet_v2.node3__subnet"
          ]
        }
      ]
    }
  ],
  "check_results": null
}
